// !$*UTF8*$!
{
	archiveVersion = 1;
	classes = {
	};
	objectVersion = 46;
	objects = {

/* Begin PBXBuildFile section */
		05BF76BE1A4BA02900CA76BA /* AppDelegate.swift in Sources */ = {isa = PBXBuildFile; fileRef = 05BF76BD1A4BA02900CA76BA /* AppDelegate.swift */; };
		05BF76C01A4BA02900CA76BA /* ViewController.swift in Sources */ = {isa = PBXBuildFile; fileRef = 05BF76BF1A4BA02900CA76BA /* ViewController.swift */; };
		05BF76C31A4BA02900CA76BA /* Main.storyboard in Resources */ = {isa = PBXBuildFile; fileRef = 05BF76C11A4BA02900CA76BA /* Main.storyboard */; };
		05BF76C51A4BA02900CA76BA /* Images.xcassets in Resources */ = {isa = PBXBuildFile; fileRef = 05BF76C41A4BA02900CA76BA /* Images.xcassets */; };
		05BF76C81A4BA02900CA76BA /* LaunchScreen.xib in Resources */ = {isa = PBXBuildFile; fileRef = 05BF76C61A4BA02900CA76BA /* LaunchScreen.xib */; };
		05BF76D41A4BA02900CA76BA /* LearnIOSTests.swift in Sources */ = {isa = PBXBuildFile; fileRef = 05BF76D31A4BA02900CA76BA /* LearnIOSTests.swift */; };
/* End PBXBuildFile section */

/* Begin PBXContainerItemProxy section */
		05BF76CE1A4BA02900CA76BA /* PBXContainerItemProxy */ = {
			isa = PBXContainerItemProxy;
			containerPortal = 05BF76B01A4BA02900CA76BA /* Project object */;
			proxyType = 1;
			remoteGlobalIDString = 05BF76B71A4BA02900CA76BA;
			remoteInfo = LearnIOS;
		};
/* End PBXContainerItemProxy section */

/* Begin PBXFileReference section */
		05BF76B81A4BA02900CA76BA /* LearnIOS.app */ = {isa = PBXFileReference; explicitFileType = wrapper.application; includeInIndex = 0; path = LearnIOS.app; sourceTree = BUILT_PRODUCTS_DIR; };
		05BF76BC1A4BA02900CA76BA /* Info.plist */ = {isa = PBXFileReference; lastKnownFileType = text.plist.xml; path = Info.plist; sourceTree = "<group>"; };
		05BF76BD1A4BA02900CA76BA /* AppDelegate.swift */ = {isa = PBXFileReference; lastKnownFileType = sourcecode.swift; path = AppDelegate.swift; sourceTree = "<group>"; };
		05BF76BF1A4BA02900CA76BA /* ViewController.swift */ = {isa = PBXFileReference; lastKnownFileType = sourcecode.swift; path = ViewController.swift; sourceTree = "<group>"; };
		05BF76C21A4BA02900CA76BA /* Base */ = {isa = PBXFileReference; lastKnownFileType = file.storyboard; name = Base; path = Base.lproj/Main.storyboard; sourceTree = "<group>"; };
		05BF76C41A4BA02900CA76BA /* Images.xcassets */ = {isa = PBXFileReference; lastKnownFileType = folder.assetcatalog; path = Images.xcassets; sourceTree = "<group>"; };
		05BF76C71A4BA02900CA76BA /* Base */ = {isa = PBXFileReference; lastKnownFileType = file.xib; name = Base; path = Base.lproj/LaunchScreen.xib; sourceTree = "<group>"; };
		05BF76CD1A4BA02900CA76BA /* LearnIOSTests.xctest */ = {isa = PBXFileReference; explicitFileType = wrapper.cfbundle; includeInIndex = 0; path = LearnIOSTests.xctest; sourceTree = BUILT_PRODUCTS_DIR; };
		05BF76D21A4BA02900CA76BA /* Info.plist */ = {isa = PBXFileReference; lastKnownFileType = text.plist.xml; path = Info.plist; sourceTree = "<group>"; };
		05BF76D31A4BA02900CA76BA /* LearnIOSTests.swift */ = {isa = PBXFileReference; lastKnownFileType = sourcecode.swift; path = LearnIOSTests.swift; sourceTree = "<group>"; };
/* End PBXFileReference section */

/* Begin PBXFrameworksBuildPhase section */
		05BF76B51A4BA02900CA76BA /* Frameworks */ = {
			isa = PBXFrameworksBuildPhase;
			buildActionMask = 2147483647;
			files = (
			);
			runOnlyForDeploymentPostprocessing = 0;
		};
		05BF76CA1A4BA02900CA76BA /* Frameworks */ = {
			isa = PBXFrameworksBuildPhase;
			buildActionMask = 2147483647;
			files = (
			);
			runOnlyForDeploymentPostprocessing = 0;
		};
/* End PBXFrameworksBuildPhase section */

/* Begin PBXGroup section */
		05BF76AF1A4BA02900CA76BA = {
			isa = PBXGroup;
			children = (
				05BF76BA1A4BA02900CA76BA /* LearnIOS */,
				05BF76D01A4BA02900CA76BA /* LearnIOSTests */,
				05BF76B91A4BA02900CA76BA /* Products */,
			);
			sourceTree = "<group>";
		};
		05BF76B91A4BA02900CA76BA /* Products */ = {
			isa = PBXGroup;
			children = (
				05BF76B81A4BA02900CA76BA /* LearnIOS.app */,
				05BF76CD1A4BA02900CA76BA /* LearnIOSTests.xctest */,
			);
			name = Products;
			sourceTree = "<group>";
		};
		05BF76BA1A4BA02900CA76BA /* LearnIOS */ = {
			isa = PBXGroup;
			children = (
				05BF76BD1A4BA02900CA76BA /* AppDelegate.swift */,
				05BF76BF1A4BA02900CA76BA /* ViewController.swift */,
				05BF76C11A4BA02900CA76BA /* Main.storyboard */,
				05BF76C41A4BA02900CA76BA /* Images.xcassets */,
				05BF76C61A4BA02900CA76BA /* LaunchScreen.xib */,
				05BF76BB1A4BA02900CA76BA /* Supporting Files */,
			);
			path = LearnIOS;
			sourceTree = "<group>";
		};
		05BF76BB1A4BA02900CA76BA /* Supporting Files */ = {
			isa = PBXGroup;
			children = (
				05BF76BC1A4BA02900CA76BA /* Info.plist */,
			);
			name = "Supporting Files";
			sourceTree = "<group>";
		};
		05BF76D01A4BA02900CA76BA /* LearnIOSTests */ = {
			isa = PBXGroup;
			children = (
				05BF76D31A4BA02900CA76BA /* LearnIOSTests.swift */,
				05BF76D11A4BA02900CA76BA /* Supporting Files */,
			);
			path = LearnIOSTests;
			sourceTree = "<group>";
		};
		05BF76D11A4BA02900CA76BA /* Supporting Files */ = {
			isa = PBXGroup;
			children = (
				05BF76D21A4BA02900CA76BA /* Info.plist */,
			);
			name = "Supporting Files";
			sourceTree = "<group>";
		};
/* End PBXGroup section */

/* Begin PBXNativeTarget section */
		05BF76B71A4BA02900CA76BA /* LearnIOS */ = {
			isa = PBXNativeTarget;
			buildConfigurationList = 05BF76D71A4BA02900CA76BA /* Build configuration list for PBXNativeTarget "LearnIOS" */;
			buildPhases = (
				05BF76B41A4BA02900CA76BA /* Sources */,
				05BF76B51A4BA02900CA76BA /* Frameworks */,
				05BF76B61A4BA02900CA76BA /* Resources */,
			);
			buildRules = (
			);
			dependencies = (
			);
			name = LearnIOS;
			productName = LearnIOS;
			productReference = 05BF76B81A4BA02900CA76BA /* LearnIOS.app */;
			productType = "com.apple.product-type.application";
		};
		05BF76CC1A4BA02900CA76BA /* LearnIOSTests */ = {
			isa = PBXNativeTarget;
			buildConfigurationList = 05BF76DA1A4BA02900CA76BA /* Build configuration list for PBXNativeTarget "LearnIOSTests" */;
			buildPhases = (
				05BF76C91A4BA02900CA76BA /* Sources */,
				05BF76CA1A4BA02900CA76BA /* Frameworks */,
				05BF76CB1A4BA02900CA76BA /* Resources */,
			);
			buildRules = (
			);
			dependencies = (
				05BF76CF1A4BA02900CA76BA /* PBXTargetDependency */,
			);
			name = LearnIOSTests;
			productName = LearnIOSTests;
			productReference = 05BF76CD1A4BA02900CA76BA /* LearnIOSTests.xctest */;
			productType = "com.apple.product-type.bundle.unit-test";
		};
/* End PBXNativeTarget section */

/* Begin PBXProject section */
		05BF76B01A4BA02900CA76BA /* Project object */ = {
			isa = PBXProject;
			attributes = {
				LastUpgradeCheck = 0610;
				ORGANIZATIONNAME = mini4s220;
				TargetAttributes = {
					05BF76B71A4BA02900CA76BA = {
						CreatedOnToolsVersion = 6.1.1;
					};
					05BF76CC1A4BA02900CA76BA = {
						CreatedOnToolsVersion = 6.1.1;
						TestTargetID = 05BF76B71A4BA02900CA76BA;
					};
				};
			};
			buildConfigurationList = 05BF76B31A4BA02900CA76BA /* Build configuration list for PBXProject "LearnIOS" */;
			compatibilityVersion = "Xcode 3.2";
			developmentRegion = English;
			hasScannedForEncodings = 0;
			knownRegions = (
				en,
				Base,
			);
			mainGroup = 05BF76AF1A4BA02900CA76BA;
			productRefGroup = 05BF76B91A4BA02900CA76BA /* Products */;
			projectDirPath = "";
			projectRoot = "";
			targets = (
				05BF76B71A4BA02900CA76BA /* LearnIOS */,
				05BF76CC1A4BA02900CA76BA /* LearnIOSTests */,
			);
		};
/* End PBXProject section */

/* Begin PBXResourcesBuildPhase section */
		05BF76B61A4BA02900CA76BA /* Resources */ = {
			isa = PBXResourcesBuildPhase;
			buildActionMask = 2147483647;
			files = (
				05BF76C31A4BA02900CA76BA /* Main.storyboard in Resources */,
				05BF76C81A4BA02900CA76BA /* LaunchScreen.xib in Resources */,
				05BF76C51A4BA02900CA76BA /* Images.xcassets in Resources */,
			);
			runOnlyForDeploymentPostprocessing = 0;
		};
		05BF76CB1A4BA02900CA76BA /* Resources */ = {
			isa = PBXResourcesBuildPhase;
			buildActionMask = 2147483647;
			files = (
			);
			runOnlyForDeploymentPostprocessing = 0;
		};
/* End PBXResourcesBuildPhase section */

/* Begin PBXSourcesBuildPhase section */
		05BF76B41A4BA02900CA76BA /* Sources */ = {
			isa = PBXSourcesBuildPhase;
			buildActionMask = 2147483647;
			files = (
				05BF76C01A4BA02900CA76BA /* ViewController.swift in Sources */,
				05BF76BE1A4BA02900CA76BA /* AppDelegate.swift in Sources */,
			);
			runOnlyForDeploymentPostprocessing = 0;
		};
		05BF76C91A4BA02900CA76BA /* Sources */ = {
			isa = PBXSourcesBuildPhase;
			buildActionMask = 2147483647;
			files = (
				05BF76D41A4BA02900CA76BA /* LearnIOSTests.swift in Sources */,
			);
			runOnlyForDeploymentPostprocessing = 0;
		};
/* End PBXSourcesBuildPhase section */

/* Begin PBXTargetDependency section */
		05BF76CF1A4BA02900CA76BA /* PBXTargetDependency */ = {
			isa = PBXTargetDependency;
			target = 05BF76B71A4BA02900CA76BA /* LearnIOS */;
			targetProxy = 05BF76CE1A4BA02900CA76BA /* PBXContainerItemProxy */;
		};
/* End PBXTargetDependency section */

/* Begin PBXVariantGroup section */
		05BF76C11A4BA02900CA76BA /* Main.storyboard */ = {
			isa = PBXVariantGroup;
			children = (
				05BF76C21A4BA02900CA76BA /* Base */,
			);
			name = Main.storyboard;
			sourceTree = "<group>";
		};
		05BF76C61A4BA02900CA76BA /* LaunchScreen.xib */ = {
			isa = PBXVariantGroup;
			children = (
				05BF76C71A4BA02900CA76BA /* Base */,
			);
			name = LaunchScreen.xib;
			sourceTree = "<group>";
		};
/* End PBXVariantGroup section */

/* Begin XCBuildConfiguration section */
		05BF76D51A4BA02900CA76BA /* Debug */ = {
			isa = XCBuildConfiguration;
			buildSettings = {
				ALWAYS_SEARCH_USER_PATHS = NO;
				CLANG_CXX_LANGUAGE_STANDARD = "gnu++0x";
				CLANG_CXX_LIBRARY = "libc++";
				CLANG_ENABLE_MODULES = YES;
				CLANG_ENABLE_OBJC_ARC = YES;
				CLANG_WARN_BOOL_CONVERSION = YES;
				CLANG_WARN_CONSTANT_CONVERSION = YES;
				CLANG_WARN_DIRECT_OBJC_ISA_USAGE = YES_ERROR;
				CLANG_WARN_EMPTY_BODY = YES;
				CLANG_WARN_ENUM_CONVERSION = YES;
				CLANG_WARN_INT_CONVERSION = YES;
				CLANG_WARN_OBJC_ROOT_CLASS = YES_ERROR;
				CLANG_WARN_UNREACHABLE_CODE = YES;
				CLANG_WARN__DUPLICATE_METHOD_MATCH = YES;
				"CODE_SIGN_IDENTITY[sdk=iphoneos*]" = "iPhone Developer";
				COPY_PHASE_STRIP = NO;
				ENABLE_STRICT_OBJC_MSGSEND = YES;
				GCC_C_LANGUAGE_STANDARD = gnu99;
				GCC_DYNAMIC_NO_PIC = NO;
				GCC_OPTIMIZATION_LEVEL = 0;
				GCC_PREPROCESSOR_DEFINITIONS = (
					"DEBUG=1",
					"$(inherited)",
				);
				GCC_SYMBOLS_PRIVATE_EXTERN = NO;
				GCC_WARN_64_TO_32_BIT_CONVERSION = YES;
				GCC_WARN_ABOUT_RETURN_TYPE = YES_ERROR;
				GCC_WARN_UNDECLARED_SELECTOR = YES;
				GCC_WARN_UNINITIALIZED_AUTOS = YES_AGGRESSIVE;
				GCC_WARN_UNUSED_FUNCTION = YES;
				GCC_WARN_UNUSED_VARIABLE = YES;
				IPHONEOS_DEPLOYMENT_TARGET = 8.1;
				MTL_ENABLE_DEBUG_INFO = YES;
				ONLY_ACTIVE_ARCH = YES;
				SDKROOT = iphoneos;
				SWIFT_OPTIMIZATION_LEVEL = "-Onone";
				TARGETED_DEVICE_FAMILY = "1,2";
			};
			name = Debug;
		};
		05BF76D61A4BA02900CA76BA /* Release */ = {
			isa = XCBuildConfiguration;
			buildSettings = {
				ALWAYS_SEARCH_USER_PATHS = NO;
				CLANG_CXX_LANGUAGE_STANDARD = "gnu++0x";
				CLANG_CXX_LIBRARY = "libc++";
				CLANG_ENABLE_MODULES = YES;
				CLANG_ENABLE_OBJC_ARC = YES;
				CLANG_WARN_BOOL_CONVERSION = YES;
				CLANG_WARN_CONSTANT_CONVERSION = YES;
				CLANG_WARN_DIRECT_OBJC_ISA_USAGE = YES_ERROR;
				CLANG_WARN_EMPTY_BODY = YES;
				CLANG_WARN_ENUM_CONVERSION = YES;
				CLANG_WARN_INT_CONVERSION = YES;
				CLANG_WARN_OBJC_ROOT_CLASS = YES_ERROR;
				CLANG_WARN_UNREACHABLE_CODE = YES;
				CLANG_WARN__DUPLICATE_METHOD_MATCH = YES;
				"CODE_SIGN_IDENTITY[sdk=iphoneos*]" = "iPhone Developer";
				COPY_PHASE_STRIP = YES;
				ENABLE_NS_ASSERTIONS = NO;
				ENABLE_STRICT_OBJC_MSGSEND = YES;
				GCC_C_LANGUAGE_STANDARD = gnu99;
				GCC_WARN_64_TO_32_BIT_CONVERSION = YES;
				GCC_WARN_ABOUT_RETURN_TYPE = YES_ERROR;
				GCC_WARN_UNDECLARED_SELECTOR = YES;
				GCC_WARN_UNINITIALIZED_AUTOS = YES_AGGRESSIVE;
				GCC_WARN_UNUSED_FUNCTION = YES;
				GCC_WARN_UNUSED_VARIABLE = YES;
				IPHONEOS_DEPLOYMENT_TARGET = 8.1;
				MTL_ENABLE_DEBUG_INFO = NO;
				SDKROOT = iphoneos;
				TARGETED_DEVICE_FAMILY = "1,2";
				VALIDATE_PRODUCT = YES;
			};
			name = Release;
		};
		05BF76D81A4BA02900CA76BA /* Debug */ = {
			isa = XCBuildConfiguration;
			buildSettings = {
				ASSETCATALOG_COMPILER_APPICON_NAME = AppIcon;
				INFOPLIST_FILE = LearnIOS/Info.plist;
				LD_RUNPATH_SEARCH_PATHS = "$(inherited) @executable_path/Frameworks";
				PRODUCT_NAME = "$(TARGET_NAME)";
			};
			name = Debug;
		};
		05BF76D91A4BA02900CA76BA /* Release */ = {
			isa = XCBuildConfiguration;
			buildSettings = {
				ASSETCATALOG_COMPILER_APPICON_NAME = AppIcon;
				INFOPLIST_FILE = LearnIOS/Info.plist;
				LD_RUNPATH_SEARCH_PATHS = "$(inherited) @executable_path/Frameworks";
				PRODUCT_NAME = "$(TARGET_NAME)";
			};
			name = Release;
		};
		05BF76DB1A4BA02900CA76BA /* Debug */ = {
			isa = XCBuildConfiguration;
			buildSettings = {
				BUNDLE_LOADER = "$(TEST_HOST)";
				FRAMEWORK_SEARCH_PATHS = (
					"$(SDKROOT)/Developer/Library/Frameworks",
					"$(inherited)",
				);
				GCC_PREPROCESSOR_DEFINITIONS = (
					"DEBUG=1",
					"$(inherited)",
				);
				INFOPLIST_FILE = LearnIOSTests/Info.plist;
				LD_RUNPATH_SEARCH_PATHS = "$(inherited) @executable_path/Frameworks @loader_path/Frameworks";
				PRODUCT_NAME = "$(TARGET_NAME)";
				TEST_HOST = "$(BUILT_PRODUCTS_DIR)/LearnIOS.app/LearnIOS";
			};
			name = Debug;
		};
		05BF76DC1A4BA02900CA76BA /* Release */ = {
			isa = XCBuildConfiguration;
			buildSettings = {
				BUNDLE_LOADER = "$(TEST_HOST)";
				FRAMEWORK_SEARCH_PATHS = (
					"$(SDKROOT)/Developer/Library/Frameworks",
					"$(inherited)",
				);
				INFOPLIST_FILE = LearnIOSTests/Info.plist;
				LD_RUNPATH_SEARCH_PATHS = "$(inherited) @executable_path/Frameworks @loader_path/Frameworks";
				PRODUCT_NAME = "$(TARGET_NAME)";
				TEST_HOST = "$(BUILT_PRODUCTS_DIR)/LearnIOS.app/LearnIOS";
			};
			name = Release;
		};
/* End XCBuildConfiguration section */

/* Begin XCConfigurationList section */
		05BF76B31A4BA02900CA76BA /* Build configuration list for PBXProject "LearnIOS" */ = {
			isa = XCConfigurationList;
			buildConfigurations = (
				05BF76D51A4BA02900CA76BA /* Debug */,
				05BF76D61A4BA02900CA76BA /* Release */,
			);
			defaultConfigurationIsVisible = 0;
			defaultConfigurationName = Release;
		};
		05BF76D71A4BA02900CA76BA /* Build configuration list for PBXNativeTarget "LearnIOS" */ = {
			isa = XCConfigurationList;
			buildConfigurations = (
				05BF76D81A4BA02900CA76BA /* Debug */,
				05BF76D91A4BA02900CA76BA /* Release */,
			);
			defaultConfigurationIsVisible = 0;
		};
		05BF76DA1A4BA02900CA76BA /* Build configuration list for PBXNativeTarget "LearnIOSTests" */ = {
			isa = XCConfigurationList;
			buildConfigurations = (
				05BF76DB1A4BA02900CA76BA /* Debug */,
				05BF76DC1A4BA02900CA76BA /* Release */,
			);
			defaultConfigurationIsVisible = 0;
		};
/* End XCConfigurationList section */
	};
	rootObject = 05BF76B01A4BA02900CA76BA /* Project object */;
}
